
Microsoft Visual Studio Solution File, Format Version 12.00
# Visual Studio Version 17
VisualStudioVersion = 17.5.33516.290
MinimumVisualStudioVersion = 10.0.40219.1
Project("{FAE04EC0-301F-11D3-BF4B-00C04F79EFBC}") = "ANK13AlbumProject", "ANK13AlbumProject\ANK13AlbumProject.csproj", "{2C4D7053-56C7-4E52-8F30-08C5DC3F618D}"
EndProject
Global
	GlobalSection(SolutionConfigurationPlatforms) = preSolution
		Debug|Any CPU = Debug|Any CPU
		Release|Any CPU = Release|Any CPU
	EndGlobalSection
	GlobalSection(ProjectConfigurationPlatforms) = postSolution
		{2C4D7053-56C7-4E52-8F30-08C5DC3F618D}.Debug|Any CPU.ActiveCfg = Debug|Any CPU
		{2C4D7053-56C7-4E52-8F30-08C5DC3F618D}.Debug|Any CPU.Build.0 = Debug|Any CPU
		{2C4D7053-56C7-4E52-8F30-08C5DC3F618D}.Release|Any CPU.ActiveCfg = Release|Any CPU
		{2C4D7053-56C7-4E52-8F30-08C5DC3F618D}.Release|Any CPU.Build.0 = Release|Any CPU
	EndGlobalSection
	GlobalSection(SolutionProperties) = preSolution
		HideSolutionNode = FALSE
	EndGlobalSection
	GlobalSection(ExtensibilityGlobals) = postSolution
		SolutionGuid = {EBF5E724-858A-475A-BD86-BCA4643808E7}
	EndGlobalSection
EndGlobal
